
Microsoft Visual Studio Solution File, Format Version 12.00
Project("{FAE04EC0-301F-11D3-BF4B-00C04F79EFBC}") = "src\wsit.Hkdf", "src\wsit.Hkdf\wsit.Hkdf.csproj", "{EBE57710-E292-4F92-894A-BC06F5A5656B}"
EndProject
Project("{2150E333-8FDC-42A3-9474-1A3956D46DE8}") = "test", "test", "{0C88DD14-F956-CE84-757C-A364CCF449FC}"
EndProject
Project("{FAE04EC0-301F-11D3-BF4B-00C04F79EFBC}") = "wsit.Hkdf.Test", "test\wsit.Hkdf.Test\wsit.Hkdf.Test.csproj", "{0D2F86EA-109B-4F5D-83BF-63BD5F7A11B3}"
EndProject
Project("{2150E333-8FDC-42A3-9474-1A3956D46DE8}") = "src", "src", "{827E0CD3-B72D-47B6-A68D-7590B98EB39B}"
EndProject
Project("{FAE04EC0-301F-11D3-BF4B-00C04F79EFBC}") = "src\wsit.DataProtectionKey", "src\wsit.DataProtectionKey\wsit.DataProtectionKey.csproj", "{40794364-9CDE-42D7-AA64-8643D82B4D72}"
EndProject
Global
	GlobalSection(SolutionConfigurationPlatforms) = preSolution
		Debug|Any CPU = Debug|Any CPU
		Debug|x64 = Debug|x64
		Debug|x86 = Debug|x86
		Release|Any CPU = Release|Any CPU
		Release|x64 = Release|x64
		Release|x86 = Release|x86
	EndGlobalSection
	GlobalSection(ProjectConfigurationPlatforms) = postSolution
		{EBE57710-E292-4F92-894A-BC06F5A5656B}.Debug|Any CPU.ActiveCfg = Debug|Any CPU
		{EBE57710-E292-4F92-894A-BC06F5A5656B}.Debug|Any CPU.Build.0 = Debug|Any CPU
		{EBE57710-E292-4F92-894A-BC06F5A5656B}.Debug|x64.ActiveCfg = Debug|Any CPU
		{EBE57710-E292-4F92-894A-BC06F5A5656B}.Debug|x64.Build.0 = Debug|Any CPU
		{EBE57710-E292-4F92-894A-BC06F5A5656B}.Debug|x86.ActiveCfg = Debug|Any CPU
		{EBE57710-E292-4F92-894A-BC06F5A5656B}.Debug|x86.Build.0 = Debug|Any CPU
		{EBE57710-E292-4F92-894A-BC06F5A5656B}.Release|Any CPU.ActiveCfg = Release|Any CPU
		{EBE57710-E292-4F92-894A-BC06F5A5656B}.Release|Any CPU.Build.0 = Release|Any CPU
		{EBE57710-E292-4F92-894A-BC06F5A5656B}.Release|x64.ActiveCfg = Release|Any CPU
		{EBE57710-E292-4F92-894A-BC06F5A5656B}.Release|x64.Build.0 = Release|Any CPU
		{EBE57710-E292-4F92-894A-BC06F5A5656B}.Release|x86.ActiveCfg = Release|Any CPU
		{EBE57710-E292-4F92-894A-BC06F5A5656B}.Release|x86.Build.0 = Release|Any CPU
		{0D2F86EA-109B-4F5D-83BF-63BD5F7A11B3}.Debug|Any CPU.ActiveCfg = Debug|Any CPU
		{0D2F86EA-109B-4F5D-83BF-63BD5F7A11B3}.Debug|Any CPU.Build.0 = Debug|Any CPU
		{0D2F86EA-109B-4F5D-83BF-63BD5F7A11B3}.Debug|x64.ActiveCfg = Debug|Any CPU
		{0D2F86EA-109B-4F5D-83BF-63BD5F7A11B3}.Debug|x64.Build.0 = Debug|Any CPU
		{0D2F86EA-109B-4F5D-83BF-63BD5F7A11B3}.Debug|x86.ActiveCfg = Debug|Any CPU
		{0D2F86EA-109B-4F5D-83BF-63BD5F7A11B3}.Debug|x86.Build.0 = Debug|Any CPU
		{0D2F86EA-109B-4F5D-83BF-63BD5F7A11B3}.Release|Any CPU.ActiveCfg = Release|Any CPU
		{0D2F86EA-109B-4F5D-83BF-63BD5F7A11B3}.Release|Any CPU.Build.0 = Release|Any CPU
		{0D2F86EA-109B-4F5D-83BF-63BD5F7A11B3}.Release|x64.ActiveCfg = Release|Any CPU
		{0D2F86EA-109B-4F5D-83BF-63BD5F7A11B3}.Release|x64.Build.0 = Release|Any CPU
		{0D2F86EA-109B-4F5D-83BF-63BD5F7A11B3}.Release|x86.ActiveCfg = Release|Any CPU
		{0D2F86EA-109B-4F5D-83BF-63BD5F7A11B3}.Release|x86.Build.0 = Release|Any CPU
		{40794364-9CDE-42D7-AA64-8643D82B4D72}.Debug|Any CPU.ActiveCfg = Debug|Any CPU
		{40794364-9CDE-42D7-AA64-8643D82B4D72}.Debug|Any CPU.Build.0 = Debug|Any CPU
		{40794364-9CDE-42D7-AA64-8643D82B4D72}.Debug|x64.ActiveCfg = Debug|Any CPU
		{40794364-9CDE-42D7-AA64-8643D82B4D72}.Debug|x64.Build.0 = Debug|Any CPU
		{40794364-9CDE-42D7-AA64-8643D82B4D72}.Debug|x86.ActiveCfg = Debug|Any CPU
		{40794364-9CDE-42D7-AA64-8643D82B4D72}.Debug|x86.Build.0 = Debug|Any CPU
		{40794364-9CDE-42D7-AA64-8643D82B4D72}.Release|Any CPU.ActiveCfg = Release|Any CPU
		{40794364-9CDE-42D7-AA64-8643D82B4D72}.Release|Any CPU.Build.0 = Release|Any CPU
		{40794364-9CDE-42D7-AA64-8643D82B4D72}.Release|x64.ActiveCfg = Release|Any CPU
		{40794364-9CDE-42D7-AA64-8643D82B4D72}.Release|x64.Build.0 = Release|Any CPU
		{40794364-9CDE-42D7-AA64-8643D82B4D72}.Release|x86.ActiveCfg = Release|Any CPU
		{40794364-9CDE-42D7-AA64-8643D82B4D72}.Release|x86.Build.0 = Release|Any CPU
	EndGlobalSection
	GlobalSection(SolutionProperties) = preSolution
		HideSolutionNode = FALSE
	EndGlobalSection
	GlobalSection(NestedProjects) = preSolution
		{0D2F86EA-109B-4F5D-83BF-63BD5F7A11B3} = {0C88DD14-F956-CE84-757C-A364CCF449FC}
		{40794364-9CDE-42D7-AA64-8643D82B4D72} = {827E0CD3-B72D-47B6-A68D-7590B98EB39B}
		{EBE57710-E292-4F92-894A-BC06F5A5656B} = {827E0CD3-B72D-47B6-A68D-7590B98EB39B}
	EndGlobalSection
EndGlobal
