
Microsoft Visual Studio Solution File, Format Version 12.00
Project("{FAE04EC0-301F-11D3-BF4B-00C04F79EFBC}") = "wsit.Hkdf", "wsit.Hkdf\wsit.Hkdf.csproj", "{EBE57710-E292-4F92-894A-BC06F5A5656B}"
EndProject
Project("{FAE04EC0-301F-11D3-BF4B-00C04F79EFBC}") = "wsit.DataProtectionKey", "wsit.DataProtectionKey\wsit.DataProtectionKey.csproj", "{7917D260-5E43-43E5-90CD-DCF662C2C480}"
EndProject
Project("{2150E333-8FDC-42A3-9474-1A3956D46DE8}") = "SolutionFolder", "SolutionFolder", "{47A8F6D9-AA71-4C7D-9FD3-C5A3DD9B8EE6}"
EndProject
Global
	GlobalSection(SolutionConfigurationPlatforms) = preSolution
		Debug|Any CPU = Debug|Any CPU
		Release|Any CPU = Release|Any CPU
	EndGlobalSection
	GlobalSection(ProjectConfigurationPlatforms) = postSolution
		{EBE57710-E292-4F92-894A-BC06F5A5656B}.Debug|Any CPU.ActiveCfg = Debug|Any CPU
		{EBE57710-E292-4F92-894A-BC06F5A5656B}.Debug|Any CPU.Build.0 = Debug|Any CPU
		{EBE57710-E292-4F92-894A-BC06F5A5656B}.Release|Any CPU.ActiveCfg = Release|Any CPU
		{EBE57710-E292-4F92-894A-BC06F5A5656B}.Release|Any CPU.Build.0 = Release|Any CPU
		{7917D260-5E43-43E5-90CD-DCF662C2C480}.Debug|Any CPU.ActiveCfg = Debug|Any CPU
		{7917D260-5E43-43E5-90CD-DCF662C2C480}.Debug|Any CPU.Build.0 = Debug|Any CPU
		{7917D260-5E43-43E5-90CD-DCF662C2C480}.Release|Any CPU.ActiveCfg = Release|Any CPU
		{7917D260-5E43-43E5-90CD-DCF662C2C480}.Release|Any CPU.Build.0 = Release|Any CPU
	EndGlobalSection
EndGlobal
