
Microsoft Visual Studio Solution File, Format Version 12.00
Project("{FAE04EC0-301F-11D3-BF4B-00C04F79EFBC}") = "wsit.HkdfGuard.Core", "src\wsit.HkdfGuard.Core\wsit.HkdfGuard.Core.csproj", "{EBE57710-E292-4F92-894A-BC06F5A5656B}"
EndProject
Project("{2150E333-8FDC-42A3-9474-1A3956D46DE8}") = "test", "test", "{0C88DD14-F956-CE84-757C-A364CCF449FC}"
EndProject
Project("{FAE04EC0-301F-11D3-BF4B-00C04F79EFBC}") = "wsit.HkdfGuard.Core.Test", "test\wsit.HkdfGuard.Core.Test\wsit.HkdfGuard.Core.Test.csproj", "{0D2F86EA-109B-4F5D-83BF-63BD5F7A11B3}"
EndProject
Project("{2150E333-8FDC-42A3-9474-1A3956D46DE8}") = "src", "src", "{827E0CD3-B72D-47B6-A68D-7590B98EB39B}"
EndProject
Project("{FAE04EC0-301F-11D3-BF4B-00C04F79EFBC}") = "wsit.HkdfGuard.DataProtectionKey", "src\wsit.HkdfGuard.DataProtectionKey\wsit.HkdfGuard.DataProtectionKey.csproj", "{40794364-9CDE-42D7-AA64-8643D82B4D72}"
EndProject
Project("{FAE04EC0-301F-11D3-BF4B-00C04F79EFBC}") = "wsit.HkdfGuard.Abstractions", "src\wsit.HkdfGuard.Abstractions\wsit.HkdfGuard.Abstractions.csproj", "{7DBD05A7-1673-4568-87E8-78345B436E91}"
EndProject
Project("{FAE04EC0-301F-11D3-BF4B-00C04F79EFBC}") = "wsit.HkdfGuard.Initializer", "src\wsit.HkdfGuard.Initializer\wsit.HkdfGuard.Initializer.csproj", "{C1175F10-B7CA-4F73-B3A0-63D5A6323D0E}"
EndProject
Project("{FAE04EC0-301F-11D3-BF4B-00C04F79EFBC}") = "wsit.HkdfGuard.Configuration", "src\wsit.HkdfGuard.Configuration\wsit.HkdfGuard.Configuration.csproj", "{BA39DD30-7606-45A0-BBC3-33BD92077D71}"
EndProject
Project("{FAE04EC0-301F-11D3-BF4B-00C04F79EFBC}") = "wsit.HkdfGuard.Configuration.Test", "test\wsit.HkdfGuard.Configuration.Test\wsit.HkdfGuard.Configuration.Test.csproj", "{8F85CA1C-6F4D-4C60-9F68-0EB9A55B4E21}"
EndProject
Global
	GlobalSection(SolutionConfigurationPlatforms) = preSolution
		Debug|Any CPU = Debug|Any CPU
		Debug|x64 = Debug|x64
		Debug|x86 = Debug|x86
		Release|Any CPU = Release|Any CPU
		Release|x64 = Release|x64
		Release|x86 = Release|x86
	EndGlobalSection
	GlobalSection(ProjectConfigurationPlatforms) = postSolution
		{EBE57710-E292-4F92-894A-BC06F5A5656B}.Debug|Any CPU.ActiveCfg = Debug|Any CPU
		{EBE57710-E292-4F92-894A-BC06F5A5656B}.Debug|Any CPU.Build.0 = Debug|Any CPU
		{EBE57710-E292-4F92-894A-BC06F5A5656B}.Debug|x64.ActiveCfg = Debug|Any CPU
		{EBE57710-E292-4F92-894A-BC06F5A5656B}.Debug|x64.Build.0 = Debug|Any CPU
		{EBE57710-E292-4F92-894A-BC06F5A5656B}.Debug|x86.ActiveCfg = Debug|Any CPU
		{EBE57710-E292-4F92-894A-BC06F5A5656B}.Debug|x86.Build.0 = Debug|Any CPU
		{EBE57710-E292-4F92-894A-BC06F5A5656B}.Release|Any CPU.ActiveCfg = Release|Any CPU
		{EBE57710-E292-4F92-894A-BC06F5A5656B}.Release|Any CPU.Build.0 = Release|Any CPU
		{EBE57710-E292-4F92-894A-BC06F5A5656B}.Release|x64.ActiveCfg = Release|Any CPU
		{EBE57710-E292-4F92-894A-BC06F5A5656B}.Release|x64.Build.0 = Release|Any CPU
		{EBE57710-E292-4F92-894A-BC06F5A5656B}.Release|x86.ActiveCfg = Release|Any CPU
		{EBE57710-E292-4F92-894A-BC06F5A5656B}.Release|x86.Build.0 = Release|Any CPU
		{0D2F86EA-109B-4F5D-83BF-63BD5F7A11B3}.Debug|Any CPU.ActiveCfg = Debug|Any CPU
		{0D2F86EA-109B-4F5D-83BF-63BD5F7A11B3}.Debug|Any CPU.Build.0 = Debug|Any CPU
		{0D2F86EA-109B-4F5D-83BF-63BD5F7A11B3}.Debug|x64.ActiveCfg = Debug|Any CPU
		{0D2F86EA-109B-4F5D-83BF-63BD5F7A11B3}.Debug|x64.Build.0 = Debug|Any CPU
		{0D2F86EA-109B-4F5D-83BF-63BD5F7A11B3}.Debug|x86.ActiveCfg = Debug|Any CPU
		{0D2F86EA-109B-4F5D-83BF-63BD5F7A11B3}.Debug|x86.Build.0 = Debug|Any CPU
		{0D2F86EA-109B-4F5D-83BF-63BD5F7A11B3}.Release|Any CPU.ActiveCfg = Release|Any CPU
		{0D2F86EA-109B-4F5D-83BF-63BD5F7A11B3}.Release|Any CPU.Build.0 = Release|Any CPU
		{0D2F86EA-109B-4F5D-83BF-63BD5F7A11B3}.Release|x64.ActiveCfg = Release|Any CPU
		{0D2F86EA-109B-4F5D-83BF-63BD5F7A11B3}.Release|x64.Build.0 = Release|Any CPU
		{0D2F86EA-109B-4F5D-83BF-63BD5F7A11B3}.Release|x86.ActiveCfg = Release|Any CPU
		{0D2F86EA-109B-4F5D-83BF-63BD5F7A11B3}.Release|x86.Build.0 = Release|Any CPU
		{40794364-9CDE-42D7-AA64-8643D82B4D72}.Debug|Any CPU.ActiveCfg = Debug|Any CPU
		{40794364-9CDE-42D7-AA64-8643D82B4D72}.Debug|Any CPU.Build.0 = Debug|Any CPU
		{40794364-9CDE-42D7-AA64-8643D82B4D72}.Debug|x64.ActiveCfg = Debug|Any CPU
		{40794364-9CDE-42D7-AA64-8643D82B4D72}.Debug|x64.Build.0 = Debug|Any CPU
		{40794364-9CDE-42D7-AA64-8643D82B4D72}.Debug|x86.ActiveCfg = Debug|Any CPU
		{40794364-9CDE-42D7-AA64-8643D82B4D72}.Debug|x86.Build.0 = Debug|Any CPU
		{40794364-9CDE-42D7-AA64-8643D82B4D72}.Release|Any CPU.ActiveCfg = Release|Any CPU
		{40794364-9CDE-42D7-AA64-8643D82B4D72}.Release|Any CPU.Build.0 = Release|Any CPU
		{40794364-9CDE-42D7-AA64-8643D82B4D72}.Release|x64.ActiveCfg = Release|Any CPU
		{40794364-9CDE-42D7-AA64-8643D82B4D72}.Release|x64.Build.0 = Release|Any CPU
		{40794364-9CDE-42D7-AA64-8643D82B4D72}.Release|x86.ActiveCfg = Release|Any CPU
		{40794364-9CDE-42D7-AA64-8643D82B4D72}.Release|x86.Build.0 = Release|Any CPU
		{7DBD05A7-1673-4568-87E8-78345B436E91}.Debug|Any CPU.ActiveCfg = Debug|Any CPU
		{7DBD05A7-1673-4568-87E8-78345B436E91}.Debug|Any CPU.Build.0 = Debug|Any CPU
		{7DBD05A7-1673-4568-87E8-78345B436E91}.Debug|x64.ActiveCfg = Debug|Any CPU
		{7DBD05A7-1673-4568-87E8-78345B436E91}.Debug|x64.Build.0 = Debug|Any CPU
		{7DBD05A7-1673-4568-87E8-78345B436E91}.Debug|x86.ActiveCfg = Debug|Any CPU
		{7DBD05A7-1673-4568-87E8-78345B436E91}.Debug|x86.Build.0 = Debug|Any CPU
		{7DBD05A7-1673-4568-87E8-78345B436E91}.Release|Any CPU.ActiveCfg = Release|Any CPU
		{7DBD05A7-1673-4568-87E8-78345B436E91}.Release|Any CPU.Build.0 = Release|Any CPU
		{7DBD05A7-1673-4568-87E8-78345B436E91}.Release|x64.ActiveCfg = Release|Any CPU
		{7DBD05A7-1673-4568-87E8-78345B436E91}.Release|x64.Build.0 = Release|Any CPU
		{7DBD05A7-1673-4568-87E8-78345B436E91}.Release|x86.ActiveCfg = Release|Any CPU
		{7DBD05A7-1673-4568-87E8-78345B436E91}.Release|x86.Build.0 = Release|Any CPU
		{C1175F10-B7CA-4F73-B3A0-63D5A6323D0E}.Debug|Any CPU.ActiveCfg = Debug|Any CPU
		{C1175F10-B7CA-4F73-B3A0-63D5A6323D0E}.Debug|Any CPU.Build.0 = Debug|Any CPU
		{C1175F10-B7CA-4F73-B3A0-63D5A6323D0E}.Debug|x64.ActiveCfg = Debug|Any CPU
		{C1175F10-B7CA-4F73-B3A0-63D5A6323D0E}.Debug|x64.Build.0 = Debug|Any CPU
		{C1175F10-B7CA-4F73-B3A0-63D5A6323D0E}.Debug|x86.ActiveCfg = Debug|Any CPU
		{C1175F10-B7CA-4F73-B3A0-63D5A6323D0E}.Debug|x86.Build.0 = Debug|Any CPU
		{C1175F10-B7CA-4F73-B3A0-63D5A6323D0E}.Release|Any CPU.ActiveCfg = Release|Any CPU
		{C1175F10-B7CA-4F73-B3A0-63D5A6323D0E}.Release|Any CPU.Build.0 = Release|Any CPU
		{C1175F10-B7CA-4F73-B3A0-63D5A6323D0E}.Release|x64.ActiveCfg = Release|Any CPU
		{C1175F10-B7CA-4F73-B3A0-63D5A6323D0E}.Release|x64.Build.0 = Release|Any CPU
		{C1175F10-B7CA-4F73-B3A0-63D5A6323D0E}.Release|x86.ActiveCfg = Release|Any CPU
		{C1175F10-B7CA-4F73-B3A0-63D5A6323D0E}.Release|x86.Build.0 = Release|Any CPU
		{BA39DD30-7606-45A0-BBC3-33BD92077D71}.Debug|Any CPU.ActiveCfg = Debug|Any CPU
		{BA39DD30-7606-45A0-BBC3-33BD92077D71}.Debug|Any CPU.Build.0 = Debug|Any CPU
		{BA39DD30-7606-45A0-BBC3-33BD92077D71}.Debug|x64.ActiveCfg = Debug|Any CPU
		{BA39DD30-7606-45A0-BBC3-33BD92077D71}.Debug|x64.Build.0 = Debug|Any CPU
		{BA39DD30-7606-45A0-BBC3-33BD92077D71}.Debug|x86.ActiveCfg = Debug|Any CPU
		{BA39DD30-7606-45A0-BBC3-33BD92077D71}.Debug|x86.Build.0 = Debug|Any CPU
		{BA39DD30-7606-45A0-BBC3-33BD92077D71}.Release|Any CPU.ActiveCfg = Release|Any CPU
		{BA39DD30-7606-45A0-BBC3-33BD92077D71}.Release|Any CPU.Build.0 = Release|Any CPU
		{BA39DD30-7606-45A0-BBC3-33BD92077D71}.Release|x64.ActiveCfg = Release|Any CPU
		{BA39DD30-7606-45A0-BBC3-33BD92077D71}.Release|x64.Build.0 = Release|Any CPU
		{BA39DD30-7606-45A0-BBC3-33BD92077D71}.Release|x86.ActiveCfg = Release|Any CPU
		{BA39DD30-7606-45A0-BBC3-33BD92077D71}.Release|x86.Build.0 = Release|Any CPU
		{8F85CA1C-6F4D-4C60-9F68-0EB9A55B4E21}.Debug|Any CPU.ActiveCfg = Debug|Any CPU
		{8F85CA1C-6F4D-4C60-9F68-0EB9A55B4E21}.Debug|Any CPU.Build.0 = Debug|Any CPU
		{8F85CA1C-6F4D-4C60-9F68-0EB9A55B4E21}.Debug|x64.ActiveCfg = Debug|Any CPU
		{8F85CA1C-6F4D-4C60-9F68-0EB9A55B4E21}.Debug|x64.Build.0 = Debug|Any CPU
		{8F85CA1C-6F4D-4C60-9F68-0EB9A55B4E21}.Debug|x86.ActiveCfg = Debug|Any CPU
		{8F85CA1C-6F4D-4C60-9F68-0EB9A55B4E21}.Debug|x86.Build.0 = Debug|Any CPU
		{8F85CA1C-6F4D-4C60-9F68-0EB9A55B4E21}.Release|Any CPU.ActiveCfg = Release|Any CPU
		{8F85CA1C-6F4D-4C60-9F68-0EB9A55B4E21}.Release|Any CPU.Build.0 = Release|Any CPU
		{8F85CA1C-6F4D-4C60-9F68-0EB9A55B4E21}.Release|x64.ActiveCfg = Release|Any CPU
		{8F85CA1C-6F4D-4C60-9F68-0EB9A55B4E21}.Release|x64.Build.0 = Release|Any CPU
		{8F85CA1C-6F4D-4C60-9F68-0EB9A55B4E21}.Release|x86.ActiveCfg = Release|Any CPU
		{8F85CA1C-6F4D-4C60-9F68-0EB9A55B4E21}.Release|x86.Build.0 = Release|Any CPU
	EndGlobalSection
	GlobalSection(SolutionProperties) = preSolution
		HideSolutionNode = FALSE
	EndGlobalSection
	GlobalSection(NestedProjects) = preSolution
		{EBE57710-E292-4F92-894A-BC06F5A5656B} = {827E0CD3-B72D-47B6-A68D-7590B98EB39B}
		{0D2F86EA-109B-4F5D-83BF-63BD5F7A11B3} = {0C88DD14-F956-CE84-757C-A364CCF449FC}
		{40794364-9CDE-42D7-AA64-8643D82B4D72} = {827E0CD3-B72D-47B6-A68D-7590B98EB39B}
		{7DBD05A7-1673-4568-87E8-78345B436E91} = {827E0CD3-B72D-47B6-A68D-7590B98EB39B}
		{C1175F10-B7CA-4F73-B3A0-63D5A6323D0E} = {827E0CD3-B72D-47B6-A68D-7590B98EB39B}
		{BA39DD30-7606-45A0-BBC3-33BD92077D71} = {827E0CD3-B72D-47B6-A68D-7590B98EB39B}
		{8F85CA1C-6F4D-4C60-9F68-0EB9A55B4E21} = {0C88DD14-F956-CE84-757C-A364CCF449FC}
	EndGlobalSection
EndGlobal
